
Microsoft Visual Studio Solution File, Format Version 12.00
# Visual Studio Version 17
VisualStudioVersion = 17.0.31903.59
MinimumVisualStudioVersion = 10.0.40219.1
Project("{2150E333-8FDC-42A3-9474-1A3956D46DE8}") = "src", "src", "{827E0CD3-B72D-47B6-A68D-7590B98EB39B}"
EndProject
Project("{FAE04EC0-301F-11D3-BF4B-00C04F79EFBC}") = "TinyEvents", "src\TinyEvents\TinyEvents.csproj", "{543FAFA7-282C-4397-AB5A-F236A6B0C218}"
EndProject
Project("{FAE04EC0-301F-11D3-BF4B-00C04F79EFBC}") = "TinyEvents.SourceGen", "src\TinyEvents.SourceGen\TinyEvents.SourceGen.csproj", "{069DBD53-FFEA-418B-B84E-BCE10E3ADD3C}"
EndProject
Project("{FAE04EC0-301F-11D3-BF4B-00C04F79EFBC}") = "TinyEvents.SqlServer.EntityFrameworkCore", "src\TinyEvents.SqlServer.EntityFrameworkCore\TinyEvents.SqlServer.EntityFrameworkCore.csproj", "{DECD9860-BEF7-4362-B61C-D0C54676E19E}"
EndProject
Project("{FAE04EC0-301F-11D3-BF4B-00C04F79EFBC}") = "TinyEvents.SqlServer.AdoNet", "src\TinyEvents.SqlServer.AdoNet\TinyEvents.SqlServer.AdoNet.csproj", "{C735F7A0-0EB0-484C-A510-C2D5904E3C02}"
EndProject
Project("{FAE04EC0-301F-11D3-BF4B-00C04F79EFBC}") = "TinyEvents.Worker", "src\TinyEvents.Worker\TinyEvents.Worker.csproj", "{87C64F72-C14E-4011-8D11-99A56A1AC1D1}"
EndProject
Project("{2150E333-8FDC-42A3-9474-1A3956D46DE8}") = "tests", "tests", "{0AB3BF05-4346-4AA6-1389-037BE0695223}"
EndProject
Project("{FAE04EC0-301F-11D3-BF4B-00C04F79EFBC}") = "TinyEvents.Tests", "tests\TinyEvents.Tests\TinyEvents.Tests.csproj", "{A0E4BEA4-BC13-4C1A-9C1F-54C05210FAF5}"
EndProject
Project("{FAE04EC0-301F-11D3-BF4B-00C04F79EFBC}") = "TinyEvents.SourceGen.Tests", "tests\TinyEvents.SourceGen.Tests\TinyEvents.SourceGen.Tests.csproj", "{C3DD20EE-7A73-4264-84CB-FE679B5C98C4}"
EndProject
Project("{FAE04EC0-301F-11D3-BF4B-00C04F79EFBC}") = "TinyEvents.SqlServer.EntityFrameworkCore.Tests", "tests\TinyEvents.SqlServer.EntityFrameworkCore.Tests\TinyEvents.SqlServer.EntityFrameworkCore.Tests.csproj", "{21D5ADC8-9EBF-4A22-8A83-56A59AC21802}"
EndProject
Project("{FAE04EC0-301F-11D3-BF4B-00C04F79EFBC}") = "TinyEvents.SqlServer.AdoNet.Tests", "tests\TinyEvents.SqlServer.AdoNet.Tests\TinyEvents.SqlServer.AdoNet.Tests.csproj", "{2573663D-6CA4-4245-B90F-ED4CE07897EC}"
EndProject
Project("{FAE04EC0-301F-11D3-BF4B-00C04F79EFBC}") = "TinyEvents.Worker.Tests", "tests\TinyEvents.Worker.Tests\TinyEvents.Worker.Tests.csproj", "{9862A3ED-6B50-46A5-B64F-B5E548704DCE}"
EndProject
Project("{FAE04EC0-301F-11D3-BF4B-00C04F79EFBC}") = "TinyEvents.SqlServer.Tests", "tests\TinyEvents.SqlServer.Tests\TinyEvents.SqlServer.Tests.csproj", "{3E943682-24D1-4995-BF59-700B53BE7B52}"
EndProject
Project("{2150E333-8FDC-42A3-9474-1A3956D46DE8}") = "samples", "samples", "{5D20AA90-6969-D8BD-9DCD-8634F4692FDA}"
EndProject
Project("{FAE04EC0-301F-11D3-BF4B-00C04F79EFBC}") = "TinyEvents.Sample.AdoNet", "samples\TinyEvents.Sample.AdoNet\TinyEvents.Sample.AdoNet.csproj", "{1C66EB46-7588-408D-8D3A-6F4444C0F275}"
EndProject
Project("{FAE04EC0-301F-11D3-BF4B-00C04F79EFBC}") = "TinyEvents.Sample.EfCore", "samples\TinyEvents.Sample.EfCore\TinyEvents.Sample.EfCore.csproj", "{D602F870-F917-4D71-9841-E3F2088CE67C}"
EndProject
Project("{FAE04EC0-301F-11D3-BF4B-00C04F79EFBC}") = "TinyEvents.PackageSmoke", "samples\TinyEvents.PackageSmoke\TinyEvents.PackageSmoke.csproj", "{F32341BD-DA7B-4143-91B1-88F78659FF24}"
EndProject
Project("{FAE04EC0-301F-11D3-BF4B-00C04F79EFBC}") = "TinyEvents.PostgreSql.AdoNet", "src\TinyEvents.PostgreSql.AdoNet\TinyEvents.PostgreSql.AdoNet.csproj", "{85D02657-2329-4B56-A4D6-BE10D9C4053D}"
EndProject
Project("{FAE04EC0-301F-11D3-BF4B-00C04F79EFBC}") = "TinyEvents.PostgreSql.EntityFrameworkCore", "src\TinyEvents.PostgreSql.EntityFrameworkCore\TinyEvents.PostgreSql.EntityFrameworkCore.csproj", "{BE429123-7A4B-475F-B8CC-263B799C85FD}"
EndProject
Project("{FAE04EC0-301F-11D3-BF4B-00C04F79EFBC}") = "TinyEvents.PostgreSql.AdoNet.Tests", "tests\TinyEvents.PostgreSql.AdoNet.Tests\TinyEvents.PostgreSql.AdoNet.Tests.csproj", "{A8EF6D4A-A8F0-412D-823B-BEFB93E32BB9}"
EndProject
Project("{FAE04EC0-301F-11D3-BF4B-00C04F79EFBC}") = "TinyEvents.PostgreSql.EntityFrameworkCore.Tests", "tests\TinyEvents.PostgreSql.EntityFrameworkCore.Tests\TinyEvents.PostgreSql.EntityFrameworkCore.Tests.csproj", "{E6BEADE4-4296-466D-9FDE-403633842E54}"
EndProject
Global
	GlobalSection(SolutionConfigurationPlatforms) = preSolution
		Debug|Any CPU = Debug|Any CPU
		Debug|x64 = Debug|x64
		Debug|x86 = Debug|x86
		Release|Any CPU = Release|Any CPU
		Release|x64 = Release|x64
		Release|x86 = Release|x86
	EndGlobalSection
	GlobalSection(ProjectConfigurationPlatforms) = postSolution
		{543FAFA7-282C-4397-AB5A-F236A6B0C218}.Debug|Any CPU.ActiveCfg = Debug|Any CPU
		{543FAFA7-282C-4397-AB5A-F236A6B0C218}.Debug|Any CPU.Build.0 = Debug|Any CPU
		{543FAFA7-282C-4397-AB5A-F236A6B0C218}.Debug|x64.ActiveCfg = Debug|Any CPU
		{543FAFA7-282C-4397-AB5A-F236A6B0C218}.Debug|x64.Build.0 = Debug|Any CPU
		{543FAFA7-282C-4397-AB5A-F236A6B0C218}.Debug|x86.ActiveCfg = Debug|Any CPU
		{543FAFA7-282C-4397-AB5A-F236A6B0C218}.Debug|x86.Build.0 = Debug|Any CPU
		{543FAFA7-282C-4397-AB5A-F236A6B0C218}.Release|Any CPU.ActiveCfg = Release|Any CPU
		{543FAFA7-282C-4397-AB5A-F236A6B0C218}.Release|Any CPU.Build.0 = Release|Any CPU
		{543FAFA7-282C-4397-AB5A-F236A6B0C218}.Release|x64.ActiveCfg = Release|Any CPU
		{543FAFA7-282C-4397-AB5A-F236A6B0C218}.Release|x64.Build.0 = Release|Any CPU
		{543FAFA7-282C-4397-AB5A-F236A6B0C218}.Release|x86.ActiveCfg = Release|Any CPU
		{543FAFA7-282C-4397-AB5A-F236A6B0C218}.Release|x86.Build.0 = Release|Any CPU
		{069DBD53-FFEA-418B-B84E-BCE10E3ADD3C}.Debug|Any CPU.ActiveCfg = Debug|Any CPU
		{069DBD53-FFEA-418B-B84E-BCE10E3ADD3C}.Debug|Any CPU.Build.0 = Debug|Any CPU
		{069DBD53-FFEA-418B-B84E-BCE10E3ADD3C}.Debug|x64.ActiveCfg = Debug|Any CPU
		{069DBD53-FFEA-418B-B84E-BCE10E3ADD3C}.Debug|x64.Build.0 = Debug|Any CPU
		{069DBD53-FFEA-418B-B84E-BCE10E3ADD3C}.Debug|x86.ActiveCfg = Debug|Any CPU
		{069DBD53-FFEA-418B-B84E-BCE10E3ADD3C}.Debug|x86.Build.0 = Debug|Any CPU
		{069DBD53-FFEA-418B-B84E-BCE10E3ADD3C}.Release|Any CPU.ActiveCfg = Release|Any CPU
		{069DBD53-FFEA-418B-B84E-BCE10E3ADD3C}.Release|Any CPU.Build.0 = Release|Any CPU
		{069DBD53-FFEA-418B-B84E-BCE10E3ADD3C}.Release|x64.ActiveCfg = Release|Any CPU
		{069DBD53-FFEA-418B-B84E-BCE10E3ADD3C}.Release|x64.Build.0 = Release|Any CPU
		{069DBD53-FFEA-418B-B84E-BCE10E3ADD3C}.Release|x86.ActiveCfg = Release|Any CPU
		{069DBD53-FFEA-418B-B84E-BCE10E3ADD3C}.Release|x86.Build.0 = Release|Any CPU
		{DECD9860-BEF7-4362-B61C-D0C54676E19E}.Debug|Any CPU.ActiveCfg = Debug|Any CPU
		{DECD9860-BEF7-4362-B61C-D0C54676E19E}.Debug|Any CPU.Build.0 = Debug|Any CPU
		{DECD9860-BEF7-4362-B61C-D0C54676E19E}.Debug|x64.ActiveCfg = Debug|Any CPU
		{DECD9860-BEF7-4362-B61C-D0C54676E19E}.Debug|x64.Build.0 = Debug|Any CPU
		{DECD9860-BEF7-4362-B61C-D0C54676E19E}.Debug|x86.ActiveCfg = Debug|Any CPU
		{DECD9860-BEF7-4362-B61C-D0C54676E19E}.Debug|x86.Build.0 = Debug|Any CPU
		{DECD9860-BEF7-4362-B61C-D0C54676E19E}.Release|Any CPU.ActiveCfg = Release|Any CPU
		{DECD9860-BEF7-4362-B61C-D0C54676E19E}.Release|Any CPU.Build.0 = Release|Any CPU
		{DECD9860-BEF7-4362-B61C-D0C54676E19E}.Release|x64.ActiveCfg = Release|Any CPU
		{DECD9860-BEF7-4362-B61C-D0C54676E19E}.Release|x64.Build.0 = Release|Any CPU
		{DECD9860-BEF7-4362-B61C-D0C54676E19E}.Release|x86.ActiveCfg = Release|Any CPU
		{DECD9860-BEF7-4362-B61C-D0C54676E19E}.Release|x86.Build.0 = Release|Any CPU
		{C735F7A0-0EB0-484C-A510-C2D5904E3C02}.Debug|Any CPU.ActiveCfg = Debug|Any CPU
		{C735F7A0-0EB0-484C-A510-C2D5904E3C02}.Debug|Any CPU.Build.0 = Debug|Any CPU
		{C735F7A0-0EB0-484C-A510-C2D5904E3C02}.Debug|x64.ActiveCfg = Debug|Any CPU
		{C735F7A0-0EB0-484C-A510-C2D5904E3C02}.Debug|x64.Build.0 = Debug|Any CPU
		{C735F7A0-0EB0-484C-A510-C2D5904E3C02}.Debug|x86.ActiveCfg = Debug|Any CPU
		{C735F7A0-0EB0-484C-A510-C2D5904E3C02}.Debug|x86.Build.0 = Debug|Any CPU
		{C735F7A0-0EB0-484C-A510-C2D5904E3C02}.Release|Any CPU.ActiveCfg = Release|Any CPU
		{C735F7A0-0EB0-484C-A510-C2D5904E3C02}.Release|Any CPU.Build.0 = Release|Any CPU
		{C735F7A0-0EB0-484C-A510-C2D5904E3C02}.Release|x64.ActiveCfg = Release|Any CPU
		{C735F7A0-0EB0-484C-A510-C2D5904E3C02}.Release|x64.Build.0 = Release|Any CPU
		{C735F7A0-0EB0-484C-A510-C2D5904E3C02}.Release|x86.ActiveCfg = Release|Any CPU
		{C735F7A0-0EB0-484C-A510-C2D5904E3C02}.Release|x86.Build.0 = Release|Any CPU
		{87C64F72-C14E-4011-8D11-99A56A1AC1D1}.Debug|Any CPU.ActiveCfg = Debug|Any CPU
		{87C64F72-C14E-4011-8D11-99A56A1AC1D1}.Debug|Any CPU.Build.0 = Debug|Any CPU
		{87C64F72-C14E-4011-8D11-99A56A1AC1D1}.Debug|x64.ActiveCfg = Debug|Any CPU
		{87C64F72-C14E-4011-8D11-99A56A1AC1D1}.Debug|x64.Build.0 = Debug|Any CPU
		{87C64F72-C14E-4011-8D11-99A56A1AC1D1}.Debug|x86.ActiveCfg = Debug|Any CPU
		{87C64F72-C14E-4011-8D11-99A56A1AC1D1}.Debug|x86.Build.0 = Debug|Any CPU
		{87C64F72-C14E-4011-8D11-99A56A1AC1D1}.Release|Any CPU.ActiveCfg = Release|Any CPU
		{87C64F72-C14E-4011-8D11-99A56A1AC1D1}.Release|Any CPU.Build.0 = Release|Any CPU
		{87C64F72-C14E-4011-8D11-99A56A1AC1D1}.Release|x64.ActiveCfg = Release|Any CPU
		{87C64F72-C14E-4011-8D11-99A56A1AC1D1}.Release|x64.Build.0 = Release|Any CPU
		{87C64F72-C14E-4011-8D11-99A56A1AC1D1}.Release|x86.ActiveCfg = Release|Any CPU
		{87C64F72-C14E-4011-8D11-99A56A1AC1D1}.Release|x86.Build.0 = Release|Any CPU
		{A0E4BEA4-BC13-4C1A-9C1F-54C05210FAF5}.Debug|Any CPU.ActiveCfg = Debug|Any CPU
		{A0E4BEA4-BC13-4C1A-9C1F-54C05210FAF5}.Debug|Any CPU.Build.0 = Debug|Any CPU
		{A0E4BEA4-BC13-4C1A-9C1F-54C05210FAF5}.Debug|x64.ActiveCfg = Debug|Any CPU
		{A0E4BEA4-BC13-4C1A-9C1F-54C05210FAF5}.Debug|x64.Build.0 = Debug|Any CPU
		{A0E4BEA4-BC13-4C1A-9C1F-54C05210FAF5}.Debug|x86.ActiveCfg = Debug|Any CPU
		{A0E4BEA4-BC13-4C1A-9C1F-54C05210FAF5}.Debug|x86.Build.0 = Debug|Any CPU
		{A0E4BEA4-BC13-4C1A-9C1F-54C05210FAF5}.Release|Any CPU.ActiveCfg = Release|Any CPU
		{A0E4BEA4-BC13-4C1A-9C1F-54C05210FAF5}.Release|Any CPU.Build.0 = Release|Any CPU
		{A0E4BEA4-BC13-4C1A-9C1F-54C05210FAF5}.Release|x64.ActiveCfg = Release|Any CPU
		{A0E4BEA4-BC13-4C1A-9C1F-54C05210FAF5}.Release|x64.Build.0 = Release|Any CPU
		{A0E4BEA4-BC13-4C1A-9C1F-54C05210FAF5}.Release|x86.ActiveCfg = Release|Any CPU
		{A0E4BEA4-BC13-4C1A-9C1F-54C05210FAF5}.Release|x86.Build.0 = Release|Any CPU
		{C3DD20EE-7A73-4264-84CB-FE679B5C98C4}.Debug|Any CPU.ActiveCfg = Debug|Any CPU
		{C3DD20EE-7A73-4264-84CB-FE679B5C98C4}.Debug|Any CPU.Build.0 = Debug|Any CPU
		{C3DD20EE-7A73-4264-84CB-FE679B5C98C4}.Debug|x64.ActiveCfg = Debug|Any CPU
		{C3DD20EE-7A73-4264-84CB-FE679B5C98C4}.Debug|x64.Build.0 = Debug|Any CPU
		{C3DD20EE-7A73-4264-84CB-FE679B5C98C4}.Debug|x86.ActiveCfg = Debug|Any CPU
		{C3DD20EE-7A73-4264-84CB-FE679B5C98C4}.Debug|x86.Build.0 = Debug|Any CPU
		{C3DD20EE-7A73-4264-84CB-FE679B5C98C4}.Release|Any CPU.ActiveCfg = Release|Any CPU
		{C3DD20EE-7A73-4264-84CB-FE679B5C98C4}.Release|Any CPU.Build.0 = Release|Any CPU
		{C3DD20EE-7A73-4264-84CB-FE679B5C98C4}.Release|x64.ActiveCfg = Release|Any CPU
		{C3DD20EE-7A73-4264-84CB-FE679B5C98C4}.Release|x64.Build.0 = Release|Any CPU
		{C3DD20EE-7A73-4264-84CB-FE679B5C98C4}.Release|x86.ActiveCfg = Release|Any CPU
		{C3DD20EE-7A73-4264-84CB-FE679B5C98C4}.Release|x86.Build.0 = Release|Any CPU
		{21D5ADC8-9EBF-4A22-8A83-56A59AC21802}.Debug|Any CPU.ActiveCfg = Debug|Any CPU
		{21D5ADC8-9EBF-4A22-8A83-56A59AC21802}.Debug|Any CPU.Build.0 = Debug|Any CPU
		{21D5ADC8-9EBF-4A22-8A83-56A59AC21802}.Debug|x64.ActiveCfg = Debug|Any CPU
		{21D5ADC8-9EBF-4A22-8A83-56A59AC21802}.Debug|x64.Build.0 = Debug|Any CPU
		{21D5ADC8-9EBF-4A22-8A83-56A59AC21802}.Debug|x86.ActiveCfg = Debug|Any CPU
		{21D5ADC8-9EBF-4A22-8A83-56A59AC21802}.Debug|x86.Build.0 = Debug|Any CPU
		{21D5ADC8-9EBF-4A22-8A83-56A59AC21802}.Release|Any CPU.ActiveCfg = Release|Any CPU
		{21D5ADC8-9EBF-4A22-8A83-56A59AC21802}.Release|Any CPU.Build.0 = Release|Any CPU
		{21D5ADC8-9EBF-4A22-8A83-56A59AC21802}.Release|x64.ActiveCfg = Release|Any CPU
		{21D5ADC8-9EBF-4A22-8A83-56A59AC21802}.Release|x64.Build.0 = Release|Any CPU
		{21D5ADC8-9EBF-4A22-8A83-56A59AC21802}.Release|x86.ActiveCfg = Release|Any CPU
		{21D5ADC8-9EBF-4A22-8A83-56A59AC21802}.Release|x86.Build.0 = Release|Any CPU
		{2573663D-6CA4-4245-B90F-ED4CE07897EC}.Debug|Any CPU.ActiveCfg = Debug|Any CPU
		{2573663D-6CA4-4245-B90F-ED4CE07897EC}.Debug|Any CPU.Build.0 = Debug|Any CPU
		{2573663D-6CA4-4245-B90F-ED4CE07897EC}.Debug|x64.ActiveCfg = Debug|Any CPU
		{2573663D-6CA4-4245-B90F-ED4CE07897EC}.Debug|x64.Build.0 = Debug|Any CPU
		{2573663D-6CA4-4245-B90F-ED4CE07897EC}.Debug|x86.ActiveCfg = Debug|Any CPU
		{2573663D-6CA4-4245-B90F-ED4CE07897EC}.Debug|x86.Build.0 = Debug|Any CPU
		{2573663D-6CA4-4245-B90F-ED4CE07897EC}.Release|Any CPU.ActiveCfg = Release|Any CPU
		{2573663D-6CA4-4245-B90F-ED4CE07897EC}.Release|Any CPU.Build.0 = Release|Any CPU
		{2573663D-6CA4-4245-B90F-ED4CE07897EC}.Release|x64.ActiveCfg = Release|Any CPU
		{2573663D-6CA4-4245-B90F-ED4CE07897EC}.Release|x64.Build.0 = Release|Any CPU
		{2573663D-6CA4-4245-B90F-ED4CE07897EC}.Release|x86.ActiveCfg = Release|Any CPU
		{2573663D-6CA4-4245-B90F-ED4CE07897EC}.Release|x86.Build.0 = Release|Any CPU
		{9862A3ED-6B50-46A5-B64F-B5E548704DCE}.Debug|Any CPU.ActiveCfg = Debug|Any CPU
		{9862A3ED-6B50-46A5-B64F-B5E548704DCE}.Debug|Any CPU.Build.0 = Debug|Any CPU
		{9862A3ED-6B50-46A5-B64F-B5E548704DCE}.Debug|x64.ActiveCfg = Debug|Any CPU
		{9862A3ED-6B50-46A5-B64F-B5E548704DCE}.Debug|x64.Build.0 = Debug|Any CPU
		{9862A3ED-6B50-46A5-B64F-B5E548704DCE}.Debug|x86.ActiveCfg = Debug|Any CPU
		{9862A3ED-6B50-46A5-B64F-B5E548704DCE}.Debug|x86.Build.0 = Debug|Any CPU
		{9862A3ED-6B50-46A5-B64F-B5E548704DCE}.Release|Any CPU.ActiveCfg = Release|Any CPU
		{9862A3ED-6B50-46A5-B64F-B5E548704DCE}.Release|Any CPU.Build.0 = Release|Any CPU
		{9862A3ED-6B50-46A5-B64F-B5E548704DCE}.Release|x64.ActiveCfg = Release|Any CPU
		{9862A3ED-6B50-46A5-B64F-B5E548704DCE}.Release|x64.Build.0 = Release|Any CPU
		{9862A3ED-6B50-46A5-B64F-B5E548704DCE}.Release|x86.ActiveCfg = Release|Any CPU
		{9862A3ED-6B50-46A5-B64F-B5E548704DCE}.Release|x86.Build.0 = Release|Any CPU
		{3E943682-24D1-4995-BF59-700B53BE7B52}.Debug|Any CPU.ActiveCfg = Debug|Any CPU
		{3E943682-24D1-4995-BF59-700B53BE7B52}.Debug|Any CPU.Build.0 = Debug|Any CPU
		{3E943682-24D1-4995-BF59-700B53BE7B52}.Debug|x64.ActiveCfg = Debug|Any CPU
		{3E943682-24D1-4995-BF59-700B53BE7B52}.Debug|x64.Build.0 = Debug|Any CPU
		{3E943682-24D1-4995-BF59-700B53BE7B52}.Debug|x86.ActiveCfg = Debug|Any CPU
		{3E943682-24D1-4995-BF59-700B53BE7B52}.Debug|x86.Build.0 = Debug|Any CPU
		{3E943682-24D1-4995-BF59-700B53BE7B52}.Release|Any CPU.ActiveCfg = Release|Any CPU
		{3E943682-24D1-4995-BF59-700B53BE7B52}.Release|Any CPU.Build.0 = Release|Any CPU
		{3E943682-24D1-4995-BF59-700B53BE7B52}.Release|x64.ActiveCfg = Release|Any CPU
		{3E943682-24D1-4995-BF59-700B53BE7B52}.Release|x64.Build.0 = Release|Any CPU
		{3E943682-24D1-4995-BF59-700B53BE7B52}.Release|x86.ActiveCfg = Release|Any CPU
		{3E943682-24D1-4995-BF59-700B53BE7B52}.Release|x86.Build.0 = Release|Any CPU
		{1C66EB46-7588-408D-8D3A-6F4444C0F275}.Debug|Any CPU.ActiveCfg = Debug|Any CPU
		{1C66EB46-7588-408D-8D3A-6F4444C0F275}.Debug|Any CPU.Build.0 = Debug|Any CPU
		{1C66EB46-7588-408D-8D3A-6F4444C0F275}.Debug|x64.ActiveCfg = Debug|Any CPU
		{1C66EB46-7588-408D-8D3A-6F4444C0F275}.Debug|x64.Build.0 = Debug|Any CPU
		{1C66EB46-7588-408D-8D3A-6F4444C0F275}.Debug|x86.ActiveCfg = Debug|Any CPU
		{1C66EB46-7588-408D-8D3A-6F4444C0F275}.Debug|x86.Build.0 = Debug|Any CPU
		{1C66EB46-7588-408D-8D3A-6F4444C0F275}.Release|Any CPU.ActiveCfg = Release|Any CPU
		{1C66EB46-7588-408D-8D3A-6F4444C0F275}.Release|Any CPU.Build.0 = Release|Any CPU
		{1C66EB46-7588-408D-8D3A-6F4444C0F275}.Release|x64.ActiveCfg = Release|Any CPU
		{1C66EB46-7588-408D-8D3A-6F4444C0F275}.Release|x64.Build.0 = Release|Any CPU
		{1C66EB46-7588-408D-8D3A-6F4444C0F275}.Release|x86.ActiveCfg = Release|Any CPU
		{1C66EB46-7588-408D-8D3A-6F4444C0F275}.Release|x86.Build.0 = Release|Any CPU
		{D602F870-F917-4D71-9841-E3F2088CE67C}.Debug|Any CPU.ActiveCfg = Debug|Any CPU
		{D602F870-F917-4D71-9841-E3F2088CE67C}.Debug|Any CPU.Build.0 = Debug|Any CPU
		{D602F870-F917-4D71-9841-E3F2088CE67C}.Debug|x64.ActiveCfg = Debug|Any CPU
		{D602F870-F917-4D71-9841-E3F2088CE67C}.Debug|x64.Build.0 = Debug|Any CPU
		{D602F870-F917-4D71-9841-E3F2088CE67C}.Debug|x86.ActiveCfg = Debug|Any CPU
		{D602F870-F917-4D71-9841-E3F2088CE67C}.Debug|x86.Build.0 = Debug|Any CPU
		{D602F870-F917-4D71-9841-E3F2088CE67C}.Release|Any CPU.ActiveCfg = Release|Any CPU
		{D602F870-F917-4D71-9841-E3F2088CE67C}.Release|Any CPU.Build.0 = Release|Any CPU
		{D602F870-F917-4D71-9841-E3F2088CE67C}.Release|x64.ActiveCfg = Release|Any CPU
		{D602F870-F917-4D71-9841-E3F2088CE67C}.Release|x64.Build.0 = Release|Any CPU
		{D602F870-F917-4D71-9841-E3F2088CE67C}.Release|x86.ActiveCfg = Release|Any CPU
		{D602F870-F917-4D71-9841-E3F2088CE67C}.Release|x86.Build.0 = Release|Any CPU
		{F32341BD-DA7B-4143-91B1-88F78659FF24}.Debug|Any CPU.ActiveCfg = Debug|Any CPU
		{F32341BD-DA7B-4143-91B1-88F78659FF24}.Debug|Any CPU.Build.0 = Debug|Any CPU
		{F32341BD-DA7B-4143-91B1-88F78659FF24}.Debug|x64.ActiveCfg = Debug|Any CPU
		{F32341BD-DA7B-4143-91B1-88F78659FF24}.Debug|x64.Build.0 = Debug|Any CPU
		{F32341BD-DA7B-4143-91B1-88F78659FF24}.Debug|x86.ActiveCfg = Debug|Any CPU
		{F32341BD-DA7B-4143-91B1-88F78659FF24}.Debug|x86.Build.0 = Debug|Any CPU
		{F32341BD-DA7B-4143-91B1-88F78659FF24}.Release|Any CPU.ActiveCfg = Release|Any CPU
		{F32341BD-DA7B-4143-91B1-88F78659FF24}.Release|Any CPU.Build.0 = Release|Any CPU
		{F32341BD-DA7B-4143-91B1-88F78659FF24}.Release|x64.ActiveCfg = Release|Any CPU
		{F32341BD-DA7B-4143-91B1-88F78659FF24}.Release|x64.Build.0 = Release|Any CPU
		{F32341BD-DA7B-4143-91B1-88F78659FF24}.Release|x86.ActiveCfg = Release|Any CPU
		{F32341BD-DA7B-4143-91B1-88F78659FF24}.Release|x86.Build.0 = Release|Any CPU
		{85D02657-2329-4B56-A4D6-BE10D9C4053D}.Debug|Any CPU.ActiveCfg = Debug|Any CPU
		{85D02657-2329-4B56-A4D6-BE10D9C4053D}.Debug|Any CPU.Build.0 = Debug|Any CPU
		{85D02657-2329-4B56-A4D6-BE10D9C4053D}.Debug|x64.ActiveCfg = Debug|Any CPU
		{85D02657-2329-4B56-A4D6-BE10D9C4053D}.Debug|x64.Build.0 = Debug|Any CPU
		{85D02657-2329-4B56-A4D6-BE10D9C4053D}.Debug|x86.ActiveCfg = Debug|Any CPU
		{85D02657-2329-4B56-A4D6-BE10D9C4053D}.Debug|x86.Build.0 = Debug|Any CPU
		{85D02657-2329-4B56-A4D6-BE10D9C4053D}.Release|Any CPU.ActiveCfg = Release|Any CPU
		{85D02657-2329-4B56-A4D6-BE10D9C4053D}.Release|Any CPU.Build.0 = Release|Any CPU
		{85D02657-2329-4B56-A4D6-BE10D9C4053D}.Release|x64.ActiveCfg = Release|Any CPU
		{85D02657-2329-4B56-A4D6-BE10D9C4053D}.Release|x64.Build.0 = Release|Any CPU
		{85D02657-2329-4B56-A4D6-BE10D9C4053D}.Release|x86.ActiveCfg = Release|Any CPU
		{85D02657-2329-4B56-A4D6-BE10D9C4053D}.Release|x86.Build.0 = Release|Any CPU
		{BE429123-7A4B-475F-B8CC-263B799C85FD}.Debug|Any CPU.ActiveCfg = Debug|Any CPU
		{BE429123-7A4B-475F-B8CC-263B799C85FD}.Debug|Any CPU.Build.0 = Debug|Any CPU
		{BE429123-7A4B-475F-B8CC-263B799C85FD}.Debug|x64.ActiveCfg = Debug|Any CPU
		{BE429123-7A4B-475F-B8CC-263B799C85FD}.Debug|x64.Build.0 = Debug|Any CPU
		{BE429123-7A4B-475F-B8CC-263B799C85FD}.Debug|x86.ActiveCfg = Debug|Any CPU
		{BE429123-7A4B-475F-B8CC-263B799C85FD}.Debug|x86.Build.0 = Debug|Any CPU
		{BE429123-7A4B-475F-B8CC-263B799C85FD}.Release|Any CPU.ActiveCfg = Release|Any CPU
		{BE429123-7A4B-475F-B8CC-263B799C85FD}.Release|Any CPU.Build.0 = Release|Any CPU
		{BE429123-7A4B-475F-B8CC-263B799C85FD}.Release|x64.ActiveCfg = Release|Any CPU
		{BE429123-7A4B-475F-B8CC-263B799C85FD}.Release|x64.Build.0 = Release|Any CPU
		{BE429123-7A4B-475F-B8CC-263B799C85FD}.Release|x86.ActiveCfg = Release|Any CPU
		{BE429123-7A4B-475F-B8CC-263B799C85FD}.Release|x86.Build.0 = Release|Any CPU
		{A8EF6D4A-A8F0-412D-823B-BEFB93E32BB9}.Debug|Any CPU.ActiveCfg = Debug|Any CPU
		{A8EF6D4A-A8F0-412D-823B-BEFB93E32BB9}.Debug|Any CPU.Build.0 = Debug|Any CPU
		{A8EF6D4A-A8F0-412D-823B-BEFB93E32BB9}.Debug|x64.ActiveCfg = Debug|Any CPU
		{A8EF6D4A-A8F0-412D-823B-BEFB93E32BB9}.Debug|x64.Build.0 = Debug|Any CPU
		{A8EF6D4A-A8F0-412D-823B-BEFB93E32BB9}.Debug|x86.ActiveCfg = Debug|Any CPU
		{A8EF6D4A-A8F0-412D-823B-BEFB93E32BB9}.Debug|x86.Build.0 = Debug|Any CPU
		{A8EF6D4A-A8F0-412D-823B-BEFB93E32BB9}.Release|Any CPU.ActiveCfg = Release|Any CPU
		{A8EF6D4A-A8F0-412D-823B-BEFB93E32BB9}.Release|Any CPU.Build.0 = Release|Any CPU
		{A8EF6D4A-A8F0-412D-823B-BEFB93E32BB9}.Release|x64.ActiveCfg = Release|Any CPU
		{A8EF6D4A-A8F0-412D-823B-BEFB93E32BB9}.Release|x64.Build.0 = Release|Any CPU
		{A8EF6D4A-A8F0-412D-823B-BEFB93E32BB9}.Release|x86.ActiveCfg = Release|Any CPU
		{A8EF6D4A-A8F0-412D-823B-BEFB93E32BB9}.Release|x86.Build.0 = Release|Any CPU
		{E6BEADE4-4296-466D-9FDE-403633842E54}.Debug|Any CPU.ActiveCfg = Debug|Any CPU
		{E6BEADE4-4296-466D-9FDE-403633842E54}.Debug|Any CPU.Build.0 = Debug|Any CPU
		{E6BEADE4-4296-466D-9FDE-403633842E54}.Debug|x64.ActiveCfg = Debug|Any CPU
		{E6BEADE4-4296-466D-9FDE-403633842E54}.Debug|x64.Build.0 = Debug|Any CPU
		{E6BEADE4-4296-466D-9FDE-403633842E54}.Debug|x86.ActiveCfg = Debug|Any CPU
		{E6BEADE4-4296-466D-9FDE-403633842E54}.Debug|x86.Build.0 = Debug|Any CPU
		{E6BEADE4-4296-466D-9FDE-403633842E54}.Release|Any CPU.ActiveCfg = Release|Any CPU
		{E6BEADE4-4296-466D-9FDE-403633842E54}.Release|Any CPU.Build.0 = Release|Any CPU
		{E6BEADE4-4296-466D-9FDE-403633842E54}.Release|x64.ActiveCfg = Release|Any CPU
		{E6BEADE4-4296-466D-9FDE-403633842E54}.Release|x64.Build.0 = Release|Any CPU
		{E6BEADE4-4296-466D-9FDE-403633842E54}.Release|x86.ActiveCfg = Release|Any CPU
		{E6BEADE4-4296-466D-9FDE-403633842E54}.Release|x86.Build.0 = Release|Any CPU
	EndGlobalSection
	GlobalSection(SolutionProperties) = preSolution
		HideSolutionNode = FALSE
	EndGlobalSection
	GlobalSection(NestedProjects) = preSolution
		{543FAFA7-282C-4397-AB5A-F236A6B0C218} = {827E0CD3-B72D-47B6-A68D-7590B98EB39B}
		{069DBD53-FFEA-418B-B84E-BCE10E3ADD3C} = {827E0CD3-B72D-47B6-A68D-7590B98EB39B}
		{DECD9860-BEF7-4362-B61C-D0C54676E19E} = {827E0CD3-B72D-47B6-A68D-7590B98EB39B}
		{C735F7A0-0EB0-484C-A510-C2D5904E3C02} = {827E0CD3-B72D-47B6-A68D-7590B98EB39B}
		{87C64F72-C14E-4011-8D11-99A56A1AC1D1} = {827E0CD3-B72D-47B6-A68D-7590B98EB39B}
		{A0E4BEA4-BC13-4C1A-9C1F-54C05210FAF5} = {0AB3BF05-4346-4AA6-1389-037BE0695223}
		{C3DD20EE-7A73-4264-84CB-FE679B5C98C4} = {0AB3BF05-4346-4AA6-1389-037BE0695223}
		{21D5ADC8-9EBF-4A22-8A83-56A59AC21802} = {0AB3BF05-4346-4AA6-1389-037BE0695223}
		{2573663D-6CA4-4245-B90F-ED4CE07897EC} = {0AB3BF05-4346-4AA6-1389-037BE0695223}
		{9862A3ED-6B50-46A5-B64F-B5E548704DCE} = {0AB3BF05-4346-4AA6-1389-037BE0695223}
		{3E943682-24D1-4995-BF59-700B53BE7B52} = {0AB3BF05-4346-4AA6-1389-037BE0695223}
		{1C66EB46-7588-408D-8D3A-6F4444C0F275} = {5D20AA90-6969-D8BD-9DCD-8634F4692FDA}
		{D602F870-F917-4D71-9841-E3F2088CE67C} = {5D20AA90-6969-D8BD-9DCD-8634F4692FDA}
		{F32341BD-DA7B-4143-91B1-88F78659FF24} = {5D20AA90-6969-D8BD-9DCD-8634F4692FDA}
		{85D02657-2329-4B56-A4D6-BE10D9C4053D} = {827E0CD3-B72D-47B6-A68D-7590B98EB39B}
		{BE429123-7A4B-475F-B8CC-263B799C85FD} = {827E0CD3-B72D-47B6-A68D-7590B98EB39B}
		{A8EF6D4A-A8F0-412D-823B-BEFB93E32BB9} = {0AB3BF05-4346-4AA6-1389-037BE0695223}
		{E6BEADE4-4296-466D-9FDE-403633842E54} = {0AB3BF05-4346-4AA6-1389-037BE0695223}
	EndGlobalSection
EndGlobal
